PODS:
  - TestSdk (0.0.3)

DEPENDENCIES:
  - TestSdk (from `https://github.com/longpham2310/TestSdk.git`)

EXTERNAL SOURCES:
  TestSdk:
    :git: https://github.com/longpham2310/TestSdk.git

CHECKOUT OPTIONS:
  TestSdk:
    :commit: 61880d2790590524cba0205c05da7f89eff1a6e4
    :git: https://github.com/longpham2310/TestSdk.git

SPEC CHECKSUMS:
  TestSdk: d1447fddcee202a4724e2989290b0e0592abd5e6

PODFILE CHECKSUM: e870f43c236cb10fa946e99ad0c69da0eed719da

COCOAPODS: 1.13.0
